
Microsoft Visual Studio Solution File, Format Version 12.00
# Visual Studio Version 17
VisualStudioVersion = 17.4.33205.214
MinimumVisualStudioVersion = 10.0.40219.1
Project("{8BC9CEB8-8B4A-11D0-8D11-00A0C91BC942}") = "Example01", "Example01\Example01.vcxproj", "{E635F07B-9156-4FA0-99FA-EF36317ADAD4}"
EndProject
Project("{8BC9CEB8-8B4A-11D0-8D11-00A0C91BC942}") = "Example02", "Example02\Example02.vcxproj", "{2F8636C4-076D-4C93-8791-E6227C9332D6}"
EndProject
Project("{8BC9CEB8-8B4A-11D0-8D11-00A0C91BC942}") = "Example03", "Example03\Example03.vcxproj", "{8591B690-0BC9-4C25-8579-0797135CF044}"
EndProject
Project("{8BC9CEB8-8B4A-11D0-8D11-00A0C91BC942}") = "Example04", "Example04\Example04.vcxproj", "{2F310ABC-B19A-4C55-930D-179A447D9B50}"
EndProject
Project("{8BC9CEB8-8B4A-11D0-8D11-00A0C91BC942}") = "Example05", "Example05\Example05.vcxproj", "{EBCA052D-956E-4113-A8D3-BB23BF068FF4}"
EndProject
Project("{8BC9CEB8-8B4A-11D0-8D11-00A0C91BC942}") = "Example06", "Example06\Example06.vcxproj", "{64EC88B9-9FF1-405E-867E-FF10932CB6F2}"
EndProject
Project("{8BC9CEB8-8B4A-11D0-8D11-00A0C91BC942}") = "Example07", "Example07\Example07.vcxproj", "{0B237B05-1949-4D00-B43B-782B331E575F}"
EndProject
Project("{8BC9CEB8-8B4A-11D0-8D11-00A0C91BC942}") = "Example08", "Example08\Example08.vcxproj", "{5BD28617-948D-4FBB-8DBD-FB3E7A063183}"
EndProject
Project("{8BC9CEB8-8B4A-11D0-8D11-00A0C91BC942}") = "Example09", "Example09\Example09.vcxproj", "{0AC00414-28CC-4D41-9F23-134FFEA9EA54}"
EndProject
Project("{8BC9CEB8-8B4A-11D0-8D11-00A0C91BC942}") = "Example10", "Example10\Example10.vcxproj", "{CFFED346-523D-41AE-8665-059AC9EDDBBA}"
EndProject
Project("{8BC9CEB8-8B4A-11D0-8D11-00A0C91BC942}") = "Example11", "Example11\Example11.vcxproj", "{A6D4D31C-FA2F-42CA-AA65-A6A72FA6C973}"
EndProject
Project("{8BC9CEB8-8B4A-11D0-8D11-00A0C91BC942}") = "Example12", "Example12\Example12.vcxproj", "{3D826253-2642-48B3-AC66-004E697AFE46}"
EndProject
Project("{8BC9CEB8-8B4A-11D0-8D11-00A0C91BC942}") = "Example13", "Example13\Example13.vcxproj", "{BC58A59C-43FF-4DC3-9F3F-0FA108583235}"
EndProject
Project("{8BC9CEB8-8B4A-11D0-8D11-00A0C91BC942}") = "Example14", "Example14\Example14.vcxproj", "{59E0CF51-7C6F-42BD-945B-ABD93FAA53D1}"
EndProject
Project("{8BC9CEB8-8B4A-11D0-8D11-00A0C91BC942}") = "Example15", "Example15\Example15.vcxproj", "{009B724C-27D8-433A-B19A-B29D657A8837}"
EndProject
Project("{8BC9CEB8-8B4A-11D0-8D11-00A0C91BC942}") = "Example16", "Example16\Example16.vcxproj", "{D51BD160-2A2A-438C-9A5D-89C3ADD20406}"
EndProject
Project("{8BC9CEB8-8B4A-11D0-8D11-00A0C91BC942}") = "Example17", "Example17\Example17.vcxproj", "{D07E4B22-0CDB-409C-A5A9-96F37B325991}"
EndProject
Project("{8BC9CEB8-8B4A-11D0-8D11-00A0C91BC942}") = "Example18", "Example18\Example18.vcxproj", "{D21D8760-93C5-4142-979E-AD36831C902B}"
EndProject
Project("{8BC9CEB8-8B4A-11D0-8D11-00A0C91BC942}") = "Example19", "Example19\Example19.vcxproj", "{10D36C1B-82DA-46E0-9472-0584FDC4F5DA}"
EndProject
Project("{8BC9CEB8-8B4A-11D0-8D11-00A0C91BC942}") = "Example20", "Example20\Example20.vcxproj", "{3CBF9C81-26BD-48F5-A278-E9396951954F}"
EndProject
Project("{8BC9CEB8-8B4A-11D0-8D11-00A0C91BC942}") = "Example21", "Example21\Example21.vcxproj", "{D522FB88-361F-44F8-BB7B-B15876EED614}"
EndProject
Project("{8BC9CEB8-8B4A-11D0-8D11-00A0C91BC942}") = "Example22", "Example22\Example22.vcxproj", "{84184A0A-9E30-4756-8CB1-487868ADEEDB}"
EndProject
Project("{8BC9CEB8-8B4A-11D0-8D11-00A0C91BC942}") = "Example23", "Example23\Example23.vcxproj", "{9222E78F-D1B3-47F1-90DC-433D9295240E}"
EndProject
Project("{8BC9CEB8-8B4A-11D0-8D11-00A0C91BC942}") = "Example24", "Example24\Example24.vcxproj", "{106FADB3-B72D-453A-A27B-A5A07F256ABC}"
EndProject
Global
	GlobalSection(SolutionConfigurationPlatforms) = preSolution
		Debug|x64 = Debug|x64
		Debug|x86 = Debug|x86
		Release|x64 = Release|x64
		Release|x86 = Release|x86
	EndGlobalSection
	GlobalSection(ProjectConfigurationPlatforms) = postSolution
		{E635F07B-9156-4FA0-99FA-EF36317ADAD4}.Debug|x64.ActiveCfg = Debug|x64
		{E635F07B-9156-4FA0-99FA-EF36317ADAD4}.Debug|x64.Build.0 = Debug|x64
		{E635F07B-9156-4FA0-99FA-EF36317ADAD4}.Debug|x86.ActiveCfg = Debug|Win32
		{E635F07B-9156-4FA0-99FA-EF36317ADAD4}.Debug|x86.Build.0 = Debug|Win32
		{E635F07B-9156-4FA0-99FA-EF36317ADAD4}.Release|x64.ActiveCfg = Release|x64
		{E635F07B-9156-4FA0-99FA-EF36317ADAD4}.Release|x64.Build.0 = Release|x64
		{E635F07B-9156-4FA0-99FA-EF36317ADAD4}.Release|x86.ActiveCfg = Release|Win32
		{E635F07B-9156-4FA0-99FA-EF36317ADAD4}.Release|x86.Build.0 = Release|Win32
		{2F8636C4-076D-4C93-8791-E6227C9332D6}.Debug|x64.ActiveCfg = Debug|x64
		{2F8636C4-076D-4C93-8791-E6227C9332D6}.Debug|x64.Build.0 = Debug|x64
		{2F8636C4-076D-4C93-8791-E6227C9332D6}.Debug|x86.ActiveCfg = Debug|Win32
		{2F8636C4-076D-4C93-8791-E6227C9332D6}.Debug|x86.Build.0 = Debug|Win32
		{2F8636C4-076D-4C93-8791-E6227C9332D6}.Release|x64.ActiveCfg = Release|x64
		{2F8636C4-076D-4C93-8791-E6227C9332D6}.Release|x64.Build.0 = Release|x64
		{2F8636C4-076D-4C93-8791-E6227C9332D6}.Release|x86.ActiveCfg = Release|Win32
		{2F8636C4-076D-4C93-8791-E6227C9332D6}.Release|x86.Build.0 = Release|Win32
		{8591B690-0BC9-4C25-8579-0797135CF044}.Debug|x64.ActiveCfg = Debug|x64
		{8591B690-0BC9-4C25-8579-0797135CF044}.Debug|x64.Build.0 = Debug|x64
		{8591B690-0BC9-4C25-8579-0797135CF044}.Debug|x86.ActiveCfg = Debug|Win32
		{8591B690-0BC9-4C25-8579-0797135CF044}.Debug|x86.Build.0 = Debug|Win32
		{8591B690-0BC9-4C25-8579-0797135CF044}.Release|x64.ActiveCfg = Release|x64
		{8591B690-0BC9-4C25-8579-0797135CF044}.Release|x64.Build.0 = Release|x64
		{8591B690-0BC9-4C25-8579-0797135CF044}.Release|x86.ActiveCfg = Release|Win32
		{8591B690-0BC9-4C25-8579-0797135CF044}.Release|x86.Build.0 = Release|Win32
		{2F310ABC-B19A-4C55-930D-179A447D9B50}.Debug|x64.ActiveCfg = Debug|x64
		{2F310ABC-B19A-4C55-930D-179A447D9B50}.Debug|x64.Build.0 = Debug|x64
		{2F310ABC-B19A-4C55-930D-179A447D9B50}.Debug|x86.ActiveCfg = Debug|Win32
		{2F310ABC-B19A-4C55-930D-179A447D9B50}.Debug|x86.Build.0 = Debug|Win32
		{2F310ABC-B19A-4C55-930D-179A447D9B50}.Release|x64.ActiveCfg = Release|x64
		{2F310ABC-B19A-4C55-930D-179A447D9B50}.Release|x64.Build.0 = Release|x64
		{2F310ABC-B19A-4C55-930D-179A447D9B50}.Release|x86.ActiveCfg = Release|Win32
		{2F310ABC-B19A-4C55-930D-179A447D9B50}.Release|x86.Build.0 = Release|Win32
		{EBCA052D-956E-4113-A8D3-BB23BF068FF4}.Debug|x64.ActiveCfg = Debug|x64
		{EBCA052D-956E-4113-A8D3-BB23BF068FF4}.Debug|x64.Build.0 = Debug|x64
		{EBCA052D-956E-4113-A8D3-BB23BF068FF4}.Debug|x86.ActiveCfg = Debug|Win32
		{EBCA052D-956E-4113-A8D3-BB23BF068FF4}.Debug|x86.Build.0 = Debug|Win32
		{EBCA052D-956E-4113-A8D3-BB23BF068FF4}.Release|x64.ActiveCfg = Release|x64
		{EBCA052D-956E-4113-A8D3-BB23BF068FF4}.Release|x64.Build.0 = Release|x64
		{EBCA052D-956E-4113-A8D3-BB23BF068FF4}.Release|x86.ActiveCfg = Release|Win32
		{EBCA052D-956E-4113-A8D3-BB23BF068FF4}.Release|x86.Build.0 = Release|Win32
		{64EC88B9-9FF1-405E-867E-FF10932CB6F2}.Debug|x64.ActiveCfg = Debug|x64
		{64EC88B9-9FF1-405E-867E-FF10932CB6F2}.Debug|x64.Build.0 = Debug|x64
		{64EC88B9-9FF1-405E-867E-FF10932CB6F2}.Debug|x86.ActiveCfg = Debug|Win32
		{64EC88B9-9FF1-405E-867E-FF10932CB6F2}.Debug|x86.Build.0 = Debug|Win32
		{64EC88B9-9FF1-405E-867E-FF10932CB6F2}.Release|x64.ActiveCfg = Release|x64
		{64EC88B9-9FF1-405E-867E-FF10932CB6F2}.Release|x64.Build.0 = Release|x64
		{64EC88B9-9FF1-405E-867E-FF10932CB6F2}.Release|x86.ActiveCfg = Release|Win32
		{64EC88B9-9FF1-405E-867E-FF10932CB6F2}.Release|x86.Build.0 = Release|Win32
		{0B237B05-1949-4D00-B43B-782B331E575F}.Debug|x64.ActiveCfg = Debug|x64
		{0B237B05-1949-4D00-B43B-782B331E575F}.Debug|x64.Build.0 = Debug|x64
		{0B237B05-1949-4D00-B43B-782B331E575F}.Debug|x86.ActiveCfg = Debug|Win32
		{0B237B05-1949-4D00-B43B-782B331E575F}.Debug|x86.Build.0 = Debug|Win32
		{0B237B05-1949-4D00-B43B-782B331E575F}.Release|x64.ActiveCfg = Release|x64
		{0B237B05-1949-4D00-B43B-782B331E575F}.Release|x64.Build.0 = Release|x64
		{0B237B05-1949-4D00-B43B-782B331E575F}.Release|x86.ActiveCfg = Release|Win32
		{0B237B05-1949-4D00-B43B-782B331E575F}.Release|x86.Build.0 = Release|Win32
		{5BD28617-948D-4FBB-8DBD-FB3E7A063183}.Debug|x64.ActiveCfg = Debug|x64
		{5BD28617-948D-4FBB-8DBD-FB3E7A063183}.Debug|x64.Build.0 = Debug|x64
		{5BD28617-948D-4FBB-8DBD-FB3E7A063183}.Debug|x86.ActiveCfg = Debug|Win32
		{5BD28617-948D-4FBB-8DBD-FB3E7A063183}.Debug|x86.Build.0 = Debug|Win32
		{5BD28617-948D-4FBB-8DBD-FB3E7A063183}.Release|x64.ActiveCfg = Release|x64
		{5BD28617-948D-4FBB-8DBD-FB3E7A063183}.Release|x64.Build.0 = Release|x64
		{5BD28617-948D-4FBB-8DBD-FB3E7A063183}.Release|x86.ActiveCfg = Release|Win32
		{5BD28617-948D-4FBB-8DBD-FB3E7A063183}.Release|x86.Build.0 = Release|Win32
		{0AC00414-28CC-4D41-9F23-134FFEA9EA54}.Debug|x64.ActiveCfg = Debug|x64
		{0AC00414-28CC-4D41-9F23-134FFEA9EA54}.Debug|x64.Build.0 = Debug|x64
		{0AC00414-28CC-4D41-9F23-134FFEA9EA54}.Debug|x86.ActiveCfg = Debug|Win32
		{0AC00414-28CC-4D41-9F23-134FFEA9EA54}.Debug|x86.Build.0 = Debug|Win32
		{0AC00414-28CC-4D41-9F23-134FFEA9EA54}.Release|x64.ActiveCfg = Release|x64
		{0AC00414-28CC-4D41-9F23-134FFEA9EA54}.Release|x64.Build.0 = Release|x64
		{0AC00414-28CC-4D41-9F23-134FFEA9EA54}.Release|x86.ActiveCfg = Release|Win32
		{0AC00414-28CC-4D41-9F23-134FFEA9EA54}.Release|x86.Build.0 = Release|Win32
		{CFFED346-523D-41AE-8665-059AC9EDDBBA}.Debug|x64.ActiveCfg = Debug|x64
		{CFFED346-523D-41AE-8665-059AC9EDDBBA}.Debug|x64.Build.0 = Debug|x64
		{CFFED346-523D-41AE-8665-059AC9EDDBBA}.Debug|x86.ActiveCfg = Debug|Win32
		{CFFED346-523D-41AE-8665-059AC9EDDBBA}.Debug|x86.Build.0 = Debug|Win32
		{CFFED346-523D-41AE-8665-059AC9EDDBBA}.Release|x64.ActiveCfg = Release|x64
		{CFFED346-523D-41AE-8665-059AC9EDDBBA}.Release|x64.Build.0 = Release|x64
		{CFFED346-523D-41AE-8665-059AC9EDDBBA}.Release|x86.ActiveCfg = Release|Win32
		{CFFED346-523D-41AE-8665-059AC9EDDBBA}.Release|x86.Build.0 = Release|Win32
		{A6D4D31C-FA2F-42CA-AA65-A6A72FA6C973}.Debug|x64.ActiveCfg = Debug|x64
		{A6D4D31C-FA2F-42CA-AA65-A6A72FA6C973}.Debug|x64.Build.0 = Debug|x64
		{A6D4D31C-FA2F-42CA-AA65-A6A72FA6C973}.Debug|x86.ActiveCfg = Debug|Win32
		{A6D4D31C-FA2F-42CA-AA65-A6A72FA6C973}.Debug|x86.Build.0 = Debug|Win32
		{A6D4D31C-FA2F-42CA-AA65-A6A72FA6C973}.Release|x64.ActiveCfg = Release|x64
		{A6D4D31C-FA2F-42CA-AA65-A6A72FA6C973}.Release|x64.Build.0 = Release|x64
		{A6D4D31C-FA2F-42CA-AA65-A6A72FA6C973}.Release|x86.ActiveCfg = Release|Win32
		{A6D4D31C-FA2F-42CA-AA65-A6A72FA6C973}.Release|x86.Build.0 = Release|Win32
		{3D826253-2642-48B3-AC66-004E697AFE46}.Debug|x64.ActiveCfg = Debug|x64
		{3D826253-2642-48B3-AC66-004E697AFE46}.Debug|x64.Build.0 = Debug|x64
		{3D826253-2642-48B3-AC66-004E697AFE46}.Debug|x86.ActiveCfg = Debug|Win32
		{3D826253-2642-48B3-AC66-004E697AFE46}.Debug|x86.Build.0 = Debug|Win32
		{3D826253-2642-48B3-AC66-004E697AFE46}.Release|x64.ActiveCfg = Release|x64
		{3D826253-2642-48B3-AC66-004E697AFE46}.Release|x64.Build.0 = Release|x64
		{3D826253-2642-48B3-AC66-004E697AFE46}.Release|x86.ActiveCfg = Release|Win32
		{3D826253-2642-48B3-AC66-004E697AFE46}.Release|x86.Build.0 = Release|Win32
		{BC58A59C-43FF-4DC3-9F3F-0FA108583235}.Debug|x64.ActiveCfg = Debug|x64
		{BC58A59C-43FF-4DC3-9F3F-0FA108583235}.Debug|x64.Build.0 = Debug|x64
		{BC58A59C-43FF-4DC3-9F3F-0FA108583235}.Debug|x86.ActiveCfg = Debug|Win32
		{BC58A59C-43FF-4DC3-9F3F-0FA108583235}.Debug|x86.Build.0 = Debug|Win32
		{BC58A59C-43FF-4DC3-9F3F-0FA108583235}.Release|x64.ActiveCfg = Release|x64
		{BC58A59C-43FF-4DC3-9F3F-0FA108583235}.Release|x64.Build.0 = Release|x64
		{BC58A59C-43FF-4DC3-9F3F-0FA108583235}.Release|x86.ActiveCfg = Release|Win32
		{BC58A59C-43FF-4DC3-9F3F-0FA108583235}.Release|x86.Build.0 = Release|Win32
		{59E0CF51-7C6F-42BD-945B-ABD93FAA53D1}.Debug|x64.ActiveCfg = Debug|x64
		{59E0CF51-7C6F-42BD-945B-ABD93FAA53D1}.Debug|x64.Build.0 = Debug|x64
		{59E0CF51-7C6F-42BD-945B-ABD93FAA53D1}.Debug|x86.ActiveCfg = Debug|Win32
		{59E0CF51-7C6F-42BD-945B-ABD93FAA53D1}.Debug|x86.Build.0 = Debug|Win32
		{59E0CF51-7C6F-42BD-945B-ABD93FAA53D1}.Release|x64.ActiveCfg = Release|x64
		{59E0CF51-7C6F-42BD-945B-ABD93FAA53D1}.Release|x64.Build.0 = Release|x64
		{59E0CF51-7C6F-42BD-945B-ABD93FAA53D1}.Release|x86.ActiveCfg = Release|Win32
		{59E0CF51-7C6F-42BD-945B-ABD93FAA53D1}.Release|x86.Build.0 = Release|Win32
		{009B724C-27D8-433A-B19A-B29D657A8837}.Debug|x64.ActiveCfg = Debug|x64
		{009B724C-27D8-433A-B19A-B29D657A8837}.Debug|x64.Build.0 = Debug|x64
		{009B724C-27D8-433A-B19A-B29D657A8837}.Debug|x86.ActiveCfg = Debug|Win32
		{009B724C-27D8-433A-B19A-B29D657A8837}.Debug|x86.Build.0 = Debug|Win32
		{009B724C-27D8-433A-B19A-B29D657A8837}.Release|x64.ActiveCfg = Release|x64
		{009B724C-27D8-433A-B19A-B29D657A8837}.Release|x64.Build.0 = Release|x64
		{009B724C-27D8-433A-B19A-B29D657A8837}.Release|x86.ActiveCfg = Release|Win32
		{009B724C-27D8-433A-B19A-B29D657A8837}.Release|x86.Build.0 = Release|Win32
		{D51BD160-2A2A-438C-9A5D-89C3ADD20406}.Debug|x64.ActiveCfg = Debug|x64
		{D51BD160-2A2A-438C-9A5D-89C3ADD20406}.Debug|x64.Build.0 = Debug|x64
		{D51BD160-2A2A-438C-9A5D-89C3ADD20406}.Debug|x86.ActiveCfg = Debug|Win32
		{D51BD160-2A2A-438C-9A5D-89C3ADD20406}.Debug|x86.Build.0 = Debug|Win32
		{D51BD160-2A2A-438C-9A5D-89C3ADD20406}.Release|x64.ActiveCfg = Release|x64
		{D51BD160-2A2A-438C-9A5D-89C3ADD20406}.Release|x64.Build.0 = Release|x64
		{D51BD160-2A2A-438C-9A5D-89C3ADD20406}.Release|x86.ActiveCfg = Release|Win32
		{D51BD160-2A2A-438C-9A5D-89C3ADD20406}.Release|x86.Build.0 = Release|Win32
		{D07E4B22-0CDB-409C-A5A9-96F37B325991}.Debug|x64.ActiveCfg = Debug|x64
		{D07E4B22-0CDB-409C-A5A9-96F37B325991}.Debug|x64.Build.0 = Debug|x64
		{D07E4B22-0CDB-409C-A5A9-96F37B325991}.Debug|x86.ActiveCfg = Debug|Win32
		{D07E4B22-0CDB-409C-A5A9-96F37B325991}.Debug|x86.Build.0 = Debug|Win32
		{D07E4B22-0CDB-409C-A5A9-96F37B325991}.Release|x64.ActiveCfg = Release|x64
		{D07E4B22-0CDB-409C-A5A9-96F37B325991}.Release|x64.Build.0 = Release|x64
		{D07E4B22-0CDB-409C-A5A9-96F37B325991}.Release|x86.ActiveCfg = Release|Win32
		{D07E4B22-0CDB-409C-A5A9-96F37B325991}.Release|x86.Build.0 = Release|Win32
		{D21D8760-93C5-4142-979E-AD36831C902B}.Debug|x64.ActiveCfg = Debug|x64
		{D21D8760-93C5-4142-979E-AD36831C902B}.Debug|x64.Build.0 = Debug|x64
		{D21D8760-93C5-4142-979E-AD36831C902B}.Debug|x86.ActiveCfg = Debug|Win32
		{D21D8760-93C5-4142-979E-AD36831C902B}.Debug|x86.Build.0 = Debug|Win32
		{D21D8760-93C5-4142-979E-AD36831C902B}.Release|x64.ActiveCfg = Release|x64
		{D21D8760-93C5-4142-979E-AD36831C902B}.Release|x64.Build.0 = Release|x64
		{D21D8760-93C5-4142-979E-AD36831C902B}.Release|x86.ActiveCfg = Release|Win32
		{D21D8760-93C5-4142-979E-AD36831C902B}.Release|x86.Build.0 = Release|Win32
		{10D36C1B-82DA-46E0-9472-0584FDC4F5DA}.Debug|x64.ActiveCfg = Debug|x64
		{10D36C1B-82DA-46E0-9472-0584FDC4F5DA}.Debug|x64.Build.0 = Debug|x64
		{10D36C1B-82DA-46E0-9472-0584FDC4F5DA}.Debug|x86.ActiveCfg = Debug|Win32
		{10D36C1B-82DA-46E0-9472-0584FDC4F5DA}.Debug|x86.Build.0 = Debug|Win32
		{10D36C1B-82DA-46E0-9472-0584FDC4F5DA}.Release|x64.ActiveCfg = Release|x64
		{10D36C1B-82DA-46E0-9472-0584FDC4F5DA}.Release|x64.Build.0 = Release|x64
		{10D36C1B-82DA-46E0-9472-0584FDC4F5DA}.Release|x86.ActiveCfg = Release|Win32
		{10D36C1B-82DA-46E0-9472-0584FDC4F5DA}.Release|x86.Build.0 = Release|Win32
		{3CBF9C81-26BD-48F5-A278-E9396951954F}.Debug|x64.ActiveCfg = Debug|x64
		{3CBF9C81-26BD-48F5-A278-E9396951954F}.Debug|x64.Build.0 = Debug|x64
		{3CBF9C81-26BD-48F5-A278-E9396951954F}.Debug|x86.ActiveCfg = Debug|Win32
		{3CBF9C81-26BD-48F5-A278-E9396951954F}.Debug|x86.Build.0 = Debug|Win32
		{3CBF9C81-26BD-48F5-A278-E9396951954F}.Release|x64.ActiveCfg = Release|x64
		{3CBF9C81-26BD-48F5-A278-E9396951954F}.Release|x64.Build.0 = Release|x64
		{3CBF9C81-26BD-48F5-A278-E9396951954F}.Release|x86.ActiveCfg = Release|Win32
		{3CBF9C81-26BD-48F5-A278-E9396951954F}.Release|x86.Build.0 = Release|Win32
		{D522FB88-361F-44F8-BB7B-B15876EED614}.Debug|x64.ActiveCfg = Debug|x64
		{D522FB88-361F-44F8-BB7B-B15876EED614}.Debug|x64.Build.0 = Debug|x64
		{D522FB88-361F-44F8-BB7B-B15876EED614}.Debug|x86.ActiveCfg = Debug|Win32
		{D522FB88-361F-44F8-BB7B-B15876EED614}.Debug|x86.Build.0 = Debug|Win32
		{D522FB88-361F-44F8-BB7B-B15876EED614}.Release|x64.ActiveCfg = Release|x64
		{D522FB88-361F-44F8-BB7B-B15876EED614}.Release|x64.Build.0 = Release|x64
		{D522FB88-361F-44F8-BB7B-B15876EED614}.Release|x86.ActiveCfg = Release|Win32
		{D522FB88-361F-44F8-BB7B-B15876EED614}.Release|x86.Build.0 = Release|Win32
		{84184A0A-9E30-4756-8CB1-487868ADEEDB}.Debug|x64.ActiveCfg = Debug|x64
		{84184A0A-9E30-4756-8CB1-487868ADEEDB}.Debug|x64.Build.0 = Debug|x64
		{84184A0A-9E30-4756-8CB1-487868ADEEDB}.Debug|x86.ActiveCfg = Debug|Win32
		{84184A0A-9E30-4756-8CB1-487868ADEEDB}.Debug|x86.Build.0 = Debug|Win32
		{84184A0A-9E30-4756-8CB1-487868ADEEDB}.Release|x64.ActiveCfg = Release|x64
		{84184A0A-9E30-4756-8CB1-487868ADEEDB}.Release|x64.Build.0 = Release|x64
		{84184A0A-9E30-4756-8CB1-487868ADEEDB}.Release|x86.ActiveCfg = Release|Win32
		{84184A0A-9E30-4756-8CB1-487868ADEEDB}.Release|x86.Build.0 = Release|Win32
		{9222E78F-D1B3-47F1-90DC-433D9295240E}.Debug|x64.ActiveCfg = Debug|x64
		{9222E78F-D1B3-47F1-90DC-433D9295240E}.Debug|x64.Build.0 = Debug|x64
		{9222E78F-D1B3-47F1-90DC-433D9295240E}.Debug|x86.ActiveCfg = Debug|Win32
		{9222E78F-D1B3-47F1-90DC-433D9295240E}.Debug|x86.Build.0 = Debug|Win32
		{9222E78F-D1B3-47F1-90DC-433D9295240E}.Release|x64.ActiveCfg = Release|x64
		{9222E78F-D1B3-47F1-90DC-433D9295240E}.Release|x64.Build.0 = Release|x64
		{9222E78F-D1B3-47F1-90DC-433D9295240E}.Release|x86.ActiveCfg = Release|Win32
		{9222E78F-D1B3-47F1-90DC-433D9295240E}.Release|x86.Build.0 = Release|Win32
		{106FADB3-B72D-453A-A27B-A5A07F256ABC}.Debug|x64.ActiveCfg = Debug|x64
		{106FADB3-B72D-453A-A27B-A5A07F256ABC}.Debug|x64.Build.0 = Debug|x64
		{106FADB3-B72D-453A-A27B-A5A07F256ABC}.Debug|x86.ActiveCfg = Debug|Win32
		{106FADB3-B72D-453A-A27B-A5A07F256ABC}.Debug|x86.Build.0 = Debug|Win32
		{106FADB3-B72D-453A-A27B-A5A07F256ABC}.Release|x64.ActiveCfg = Release|x64
		{106FADB3-B72D-453A-A27B-A5A07F256ABC}.Release|x64.Build.0 = Release|x64
		{106FADB3-B72D-453A-A27B-A5A07F256ABC}.Release|x86.ActiveCfg = Release|Win32
		{106FADB3-B72D-453A-A27B-A5A07F256ABC}.Release|x86.Build.0 = Release|Win32
	EndGlobalSection
	GlobalSection(SolutionProperties) = preSolution
		HideSolutionNode = FALSE
	EndGlobalSection
	GlobalSection(ExtensibilityGlobals) = postSolution
		SolutionGuid = {07A68E75-F6BD-4F57-81D9-37603E84BBAE}
	EndGlobalSection
EndGlobal
